{
    "name": "nodejs_husky_eslint_template",
    "version": "1.0.0",
    "lockfileVersion": 2,
    "requires": true,
    "packages": {
        "": {
            "name": "nodejs_husky_eslint_template",
            "version": "1.0.0",
            "license": "ISC",
            "devDependencies": {
                "prettier": "npm:@btmills/prettier@^2.3.1"
            }
        },
        "node_modules/prettier": {
            "name": "@btmills/prettier",
            "version": "2.3.1",
            "resolved": "https://registry.npmjs.org/@btmills/prettier/-/prettier-2.3.1.tgz",
            "integrity": "sha512-eVANwzoW2ysc1gePZD6x/QFLkYEYbBtE+XoBDwu2Q9dK/zkjiqkwDhZHaqcRmMriRd0DQ9XvYx9Y13DSfI6KSw==",
            "dev": true,
            "bin": {
                "prettier": "bin-prettier.js"
            },
            "engines": {
                "node": ">=10.13.0"
            }
        }
    },
    "dependencies": {
        "prettier": {
            "version": "npm:@btmills/prettier@2.3.1",
            "resolved": "https://registry.npmjs.org/@btmills/prettier/-/prettier-2.3.1.tgz",
            "integrity": "sha512-eVANwzoW2ysc1gePZD6x/QFLkYEYbBtE+XoBDwu2Q9dK/zkjiqkwDhZHaqcRmMriRd0DQ9XvYx9Y13DSfI6KSw==",
            "dev": true
        }
    }
}
